
Microsoft Visual Studio Solution File, Format Version 12.00
# Visual Studio Version 17
VisualStudioVersion = 17.8.34330.188
MinimumVisualStudioVersion = 10.0.40219.1
Project("{9A19103F-16F7-4668-BE54-9A1E7A4F7556}") = "PanTool_60", "PanTool_60.csproj", "{6C5AF737-CE9D-4715-8306-D69639624A3A}"
EndProject
Global
	GlobalSection(SolutionConfigurationPlatforms) = preSolution
		Debug|Any CPU = Debug|Any CPU
		Release|Any CPU = Release|Any CPU
	EndGlobalSection
	GlobalSection(ProjectConfigurationPlatforms) = postSolution
		{6C5AF737-CE9D-4715-8306-D69639624A3A}.Debug|Any CPU.ActiveCfg = Debug|Any CPU
		{6C5AF737-CE9D-4715-8306-D69639624A3A}.Debug|Any CPU.Build.0 = Debug|Any CPU
		{6C5AF737-CE9D-4715-8306-D69639624A3A}.Release|Any CPU.ActiveCfg = Release|Any CPU
		{6C5AF737-CE9D-4715-8306-D69639624A3A}.Release|Any CPU.Build.0 = Release|Any CPU
	EndGlobalSection
	GlobalSection(SolutionProperties) = preSolution
		HideSolutionNode = FALSE
	EndGlobalSection
	GlobalSection(ExtensibilityGlobals) = postSolution
		SolutionGuid = {68A2CB83-B043-40FC-97D3-7EF2EBFA97FE}
	EndGlobalSection
EndGlobal
