
Microsoft Visual Studio Solution File, Format Version 12.00
# Visual Studio Version 17
VisualStudioVersion = 17.8.34309.116
MinimumVisualStudioVersion = 10.0.40219.1
Project("{FAE04EC0-301F-11D3-BF4B-00C04F79EFBC}") = "PanTool", "PanTool\PanTool.csproj", "{D1A251E6-2333-43E8-92DC-CAF4E120214C}"
EndProject
Global
	GlobalSection(SolutionConfigurationPlatforms) = preSolution
		Debug|Any CPU = Debug|Any CPU
		Release|Any CPU = Release|Any CPU
	EndGlobalSection
	GlobalSection(ProjectConfigurationPlatforms) = postSolution
		{D1A251E6-2333-43E8-92DC-CAF4E120214C}.Debug|Any CPU.ActiveCfg = Debug|Any CPU
		{D1A251E6-2333-43E8-92DC-CAF4E120214C}.Debug|Any CPU.Build.0 = Debug|Any CPU
		{D1A251E6-2333-43E8-92DC-CAF4E120214C}.Release|Any CPU.ActiveCfg = Release|Any CPU
		{D1A251E6-2333-43E8-92DC-CAF4E120214C}.Release|Any CPU.Build.0 = Release|Any CPU
	EndGlobalSection
	GlobalSection(SolutionProperties) = preSolution
		HideSolutionNode = FALSE
	EndGlobalSection
	GlobalSection(ExtensibilityGlobals) = postSolution
		SolutionGuid = {928EAFEB-2161-4DE0-8430-4CE3C66B805B}
	EndGlobalSection
EndGlobal
