
Microsoft Visual Studio Solution File, Format Version 12.00
# Visual Studio Version 17
VisualStudioVersion = 17.8.34330.188
MinimumVisualStudioVersion = 10.0.40219.1
Project("{9A19103F-16F7-4668-BE54-9A1E7A4F7556}") = "HighLightPortSample_60", "HighLightPortSample_60.csproj", "{D7D92961-16C8-4B9F-861C-1D1B12CE53F7}"
EndProject
Global
	GlobalSection(SolutionConfigurationPlatforms) = preSolution
		Debug|Any CPU = Debug|Any CPU
		Release|Any CPU = Release|Any CPU
	EndGlobalSection
	GlobalSection(ProjectConfigurationPlatforms) = postSolution
		{D7D92961-16C8-4B9F-861C-1D1B12CE53F7}.Debug|Any CPU.ActiveCfg = Debug|Any CPU
		{D7D92961-16C8-4B9F-861C-1D1B12CE53F7}.Debug|Any CPU.Build.0 = Debug|Any CPU
		{D7D92961-16C8-4B9F-861C-1D1B12CE53F7}.Release|Any CPU.ActiveCfg = Release|Any CPU
		{D7D92961-16C8-4B9F-861C-1D1B12CE53F7}.Release|Any CPU.Build.0 = Release|Any CPU
	EndGlobalSection
	GlobalSection(SolutionProperties) = preSolution
		HideSolutionNode = FALSE
	EndGlobalSection
	GlobalSection(ExtensibilityGlobals) = postSolution
		SolutionGuid = {947EDC90-1F0B-40E3-B74B-489D9BFAEEBE}
	EndGlobalSection
EndGlobal
