
Microsoft Visual Studio Solution File, Format Version 12.00
# Visual Studio Version 17
VisualStudioVersion = 17.8.34330.188
MinimumVisualStudioVersion = 10.0.40219.1
Project("{9A19103F-16F7-4668-BE54-9A1E7A4F7556}") = "Symbol Designer_80", "Symbol Designer_80.csproj", "{16EEF3F8-E6D7-472E-865C-7B3614A28793}"
EndProject
Global
	GlobalSection(SolutionConfigurationPlatforms) = preSolution
		Debug|Any CPU = Debug|Any CPU
		Release|Any CPU = Release|Any CPU
	EndGlobalSection
	GlobalSection(ProjectConfigurationPlatforms) = postSolution
		{16EEF3F8-E6D7-472E-865C-7B3614A28793}.Debug|Any CPU.ActiveCfg = Debug|Any CPU
		{16EEF3F8-E6D7-472E-865C-7B3614A28793}.Debug|Any CPU.Build.0 = Debug|Any CPU
		{16EEF3F8-E6D7-472E-865C-7B3614A28793}.Release|Any CPU.ActiveCfg = Release|Any CPU
		{16EEF3F8-E6D7-472E-865C-7B3614A28793}.Release|Any CPU.Build.0 = Release|Any CPU
	EndGlobalSection
	GlobalSection(SolutionProperties) = preSolution
		HideSolutionNode = FALSE
	EndGlobalSection
	GlobalSection(ExtensibilityGlobals) = postSolution
		SolutionGuid = {59C06372-7F0F-40B8-91AF-CED2A6238E94}
	EndGlobalSection
EndGlobal
